{
    "_readme": [
        "This file locks the dependencies of your project to a known state",
        "Read more about it at https://getcomposer.org/doc/01-basic-usage.md#composer-lock-the-lock-file",
        "This file is @generated automatically"
    ],
    "hash": "d5e874c9f34f1b7ce4b2911107b8d2fd",
    "content-hash": "57814872d6e307522b06fbd2ba5bcde3",
    "packages": [
        {
            "name": "html5/htmlreader",
            "version": "v2.0.1",
            "source": {
                "type": "git",
                "url": "https://github.com/dermatthes/HTMLReader.git",
                "reference": "ea6bb52246f02dd8ae6f2823cfadb47a31c06bdd"
            },
            "dist": {
                "type": "zip",
                "url": "https://api.github.com/repos/dermatthes/HTMLReader/zipball/ea6bb52246f02dd8ae6f2823cfadb47a31c06bdd",
                "reference": "ea6bb52246f02dd8ae6f2823cfadb47a31c06bdd",
                "shasum": ""
            },
            "require": {
                "php": ">=7.0"
            },
            "require-dev": {
                "nette/tester": "*"
            },
            "type": "library",
            "autoload": {
                "psr-4": {
                    "HTML5\\": "src/HTML5"
                },
                "exclude-from-classmap": [
                    "/test/"
                ]
            },
            "notification-url": "https://packagist.org/downloads/",
            "license": [
                "MIT"
            ],
            "authors": [
                {
                    "name": "Matthias Leuffen",
                    "email": "matthes@leuffen.de",
                    "homepage": "http://leuffen.de"
                }
            ],
            "description": "Html5 stream tokenizer/reader (not using libxml)",
            "homepage": "http://leuffen.de",
            "keywords": [
                "HTML5",
                "html",
                "parsing",
                "tokenizer"
            ],
            "time": "2017-11-14 11:36:10"
        },
        {
            "name": "phore/file",
            "version": "dev-master",
            "source": {
                "type": "git",
                "url": "https://github.com/phore/file.git",
                "reference": "c3c5a4e3002c321096139cdd2885afd5bbfc36d9"
            },
            "dist": {
                "type": "zip",
                "url": "https://api.github.com/repos/phore/file/zipball/c3c5a4e3002c321096139cdd2885afd5bbfc36d9",
                "reference": "c3c5a4e3002c321096139cdd2885afd5bbfc36d9",
                "shasum": ""
            },
            "require": {
                "php": ">=7.0"
            },
            "require-dev": {
                "nette/tester": "*",
                "symfony/yaml": "*"
            },
            "suggest": {
                "ext-xml": "Needed to support XML format in class Foo",
                "symfony/yaml": "Allows usage of file($name)->yaml()"
            },
            "type": "library",
            "autoload": {
                "psr-4": {
                    "Phore\\File\\": "src/"
                },
                "files": [
                    "src/functions.inc.php"
                ]
            },
            "notification-url": "https://packagist.org/downloads/",
            "license": [
                "Proprietary"
            ],
            "authors": [
                {
                    "name": "Matthias Leuffen",
                    "email": "matthes@leuffen.de"
                }
            ],
            "description": "File wrapper",
            "homepage": "http://github.com/phore/file",
            "keywords": [
                "directory",
                "file",
                "url"
            ],
            "time": "2017-11-16 13:39:35"
        },
        {
            "name": "rmccue/requests",
            "version": "dev-master",
            "source": {
                "type": "git",
                "url": "https://github.com/rmccue/Requests.git",
                "reference": "87932f52ffad70504d93f04f15690cf16a089546"
            },
            "dist": {
                "type": "zip",
                "url": "https://api.github.com/repos/rmccue/Requests/zipball/87932f52ffad70504d93f04f15690cf16a089546",
                "reference": "87932f52ffad70504d93f04f15690cf16a089546",
                "shasum": ""
            },
            "require": {
                "php": ">=5.2"
            },
            "require-dev": {
                "requests/test-server": "dev-master"
            },
            "type": "library",
            "autoload": {
                "psr-0": {
                    "Requests": "library/"
                }
            },
            "notification-url": "https://packagist.org/downloads/",
            "license": [
                "ISC"
            ],
            "authors": [
                {
                    "name": "Ryan McCue",
                    "homepage": "http://ryanmccue.info"
                }
            ],
            "description": "A HTTP library written in PHP, for human beings.",
            "homepage": "http://github.com/rmccue/Requests",
            "keywords": [
                "curl",
                "fsockopen",
                "http",
                "idna",
                "ipv6",
                "iri",
                "sockets"
            ],
            "time": "2016-10-13 00:11:37"
        }
    ],
    "packages-dev": [
        {
            "name": "nette/tester",
            "version": "dev-master",
            "source": {
                "type": "git",
                "url": "https://github.com/nette/tester.git",
                "reference": "8cf24cf8c07defa85de7e2543c92db7bd3ded5a0"
            },
            "dist": {
                "type": "zip",
                "url": "https://api.github.com/repos/nette/tester/zipball/8cf24cf8c07defa85de7e2543c92db7bd3ded5a0",
                "reference": "8cf24cf8c07defa85de7e2543c92db7bd3ded5a0",
                "shasum": ""
            },
            "require": {
                "php": ">=5.6.0"
            },
            "bin": [
                "src/tester"
            ],
            "type": "library",
            "extra": {
                "branch-alias": {
                    "dev-master": "2.0-dev"
                }
            },
            "autoload": {
                "classmap": [
                    "src/"
                ]
            },
            "notification-url": "https://packagist.org/downloads/",
            "license": [
                "BSD-3-Clause",
                "GPL-2.0",
                "GPL-3.0"
            ],
            "authors": [
                {
                    "name": "David Grudl",
                    "homepage": "https://davidgrudl.com"
                },
                {
                    "name": "Nette Community",
                    "homepage": "https://nette.org/contributors"
                }
            ],
            "description": "Nette Tester: enjoyable unit testing in PHP with code coverage reporter. 🍏🍏🍎🍏",
            "homepage": "https://tester.nette.org",
            "keywords": [
                "Xdebug",
                "assertions",
                "clover",
                "code coverage",
                "nette",
                "phpdbg",
                "phpunit",
                "testing",
                "unit"
            ],
            "time": "2017-09-26 11:21:20"
        }
    ],
    "aliases": [],
    "minimum-stability": "dev",
    "stability-flags": [],
    "prefer-stable": false,
    "prefer-lowest": false,
    "platform": {
        "php": ">=7.0"
    },
    "platform-dev": []
}
