{
    "_readme": [
        "This file locks the dependencies of your project to a known state",
        "Read more about it at https://getcomposer.org/doc/01-basic-usage.md#composer-lock-the-lock-file",
        "This file is @generated automatically"
    ],
    "hash": "b93c3634d88f71ded824e83978dc78ea",
    "content-hash": "9c484ef2107f7a77cbd191a544615049",
    "packages": [
        {
            "name": "cebe/markdown",
            "version": "dev-master",
            "source": {
                "type": "git",
                "url": "https://github.com/cebe/markdown.git",
                "reference": "fcc325311c4c5e11c4453a405344d02adfa64aa1"
            },
            "dist": {
                "type": "zip",
                "url": "https://api.github.com/repos/cebe/markdown/zipball/fcc325311c4c5e11c4453a405344d02adfa64aa1",
                "reference": "fcc325311c4c5e11c4453a405344d02adfa64aa1",
                "shasum": ""
            },
            "require": {
                "lib-pcre": "*",
                "php": ">=5.4.0"
            },
            "require-dev": {
                "cebe/indent": "*",
                "facebook/xhprof": "*@dev",
                "phpunit/phpunit": "4.1.*"
            },
            "bin": [
                "bin/markdown"
            ],
            "type": "library",
            "extra": {
                "branch-alias": {
                    "dev-master": "1.1.x-dev"
                }
            },
            "autoload": {
                "psr-4": {
                    "cebe\\markdown\\": ""
                }
            },
            "notification-url": "https://packagist.org/downloads/",
            "license": [
                "MIT"
            ],
            "authors": [
                {
                    "name": "Carsten Brandt",
                    "email": "mail@cebe.cc",
                    "homepage": "http://cebe.cc/",
                    "role": "Creator"
                }
            ],
            "description": "A super fast, highly extensible markdown parser for PHP",
            "homepage": "https://github.com/cebe/markdown#readme",
            "keywords": [
                "extensible",
                "fast",
                "gfm",
                "markdown",
                "markdown-extra"
            ],
            "time": "2017-08-22 10:13:04"
        },
        {
            "name": "html5/htmlreader",
            "version": "v2.0.1",
            "source": {
                "type": "git",
                "url": "https://github.com/dermatthes/HTMLReader.git",
                "reference": "ea6bb52246f02dd8ae6f2823cfadb47a31c06bdd"
            },
            "dist": {
                "type": "zip",
                "url": "https://api.github.com/repos/dermatthes/HTMLReader/zipball/ea6bb52246f02dd8ae6f2823cfadb47a31c06bdd",
                "reference": "ea6bb52246f02dd8ae6f2823cfadb47a31c06bdd",
                "shasum": ""
            },
            "require": {
                "php": ">=7.0"
            },
            "require-dev": {
                "nette/tester": "*"
            },
            "type": "library",
            "autoload": {
                "psr-4": {
                    "HTML5\\": "src/HTML5"
                },
                "exclude-from-classmap": [
                    "/test/"
                ]
            },
            "notification-url": "https://packagist.org/downloads/",
            "license": [
                "MIT"
            ],
            "authors": [
                {
                    "name": "Matthias Leuffen",
                    "email": "matthes@leuffen.de",
                    "homepage": "http://leuffen.de"
                }
            ],
            "description": "Html5 stream tokenizer/reader (not using libxml)",
            "homepage": "http://leuffen.de",
            "keywords": [
                "HTML5",
                "html",
                "parsing",
                "tokenizer"
            ],
            "time": "2017-11-14 11:36:10"
        },
        {
            "name": "phore/file",
            "version": "dev-master",
            "source": {
                "type": "git",
                "url": "https://github.com/phore/file.git",
                "reference": "5b44ecf1563c7485caff20c456e719013f7d461c"
            },
            "dist": {
                "type": "zip",
                "url": "https://api.github.com/repos/phore/file/zipball/5b44ecf1563c7485caff20c456e719013f7d461c",
                "reference": "5b44ecf1563c7485caff20c456e719013f7d461c",
                "shasum": ""
            },
            "require": {
                "php": ">=7.0"
            },
            "require-dev": {
                "nette/tester": "*",
                "symfony/yaml": "*"
            },
            "suggest": {
                "ext-xml": "Needed to support XML format in class Foo",
                "symfony/yaml": "Allows usage of file($name)->yaml()"
            },
            "type": "library",
            "autoload": {
                "psr-4": {
                    "Phore\\File\\": "src/"
                },
                "files": [
                    "src/functions.inc.php"
                ]
            },
            "notification-url": "https://packagist.org/downloads/",
            "license": [
                "Proprietary"
            ],
            "authors": [
                {
                    "name": "Matthias Leuffen",
                    "email": "matthes@leuffen.de"
                }
            ],
            "description": "File wrapper",
            "homepage": "http://github.com/phore/file",
            "keywords": [
                "directory",
                "file",
                "url"
            ],
            "time": "2017-11-22 10:32:45"
        },
        {
            "name": "rmccue/requests",
            "version": "dev-master",
            "source": {
                "type": "git",
                "url": "https://github.com/rmccue/Requests.git",
                "reference": "87932f52ffad70504d93f04f15690cf16a089546"
            },
            "dist": {
                "type": "zip",
                "url": "https://api.github.com/repos/rmccue/Requests/zipball/87932f52ffad70504d93f04f15690cf16a089546",
                "reference": "87932f52ffad70504d93f04f15690cf16a089546",
                "shasum": ""
            },
            "require": {
                "php": ">=5.2"
            },
            "require-dev": {
                "requests/test-server": "dev-master"
            },
            "type": "library",
            "autoload": {
                "psr-0": {
                    "Requests": "library/"
                }
            },
            "notification-url": "https://packagist.org/downloads/",
            "license": [
                "ISC"
            ],
            "authors": [
                {
                    "name": "Ryan McCue",
                    "homepage": "http://ryanmccue.info"
                }
            ],
            "description": "A HTTP library written in PHP, for human beings.",
            "homepage": "http://github.com/rmccue/Requests",
            "keywords": [
                "curl",
                "fsockopen",
                "http",
                "idna",
                "ipv6",
                "iri",
                "sockets"
            ],
            "time": "2016-10-13 00:11:37"
        },
        {
            "name": "symfony/yaml",
            "version": "3.4.x-dev",
            "source": {
                "type": "git",
                "url": "https://github.com/symfony/yaml.git",
                "reference": "14568820af0af65e8ae97c3999b58cc94ea408bf"
            },
            "dist": {
                "type": "zip",
                "url": "https://api.github.com/repos/symfony/yaml/zipball/14568820af0af65e8ae97c3999b58cc94ea408bf",
                "reference": "14568820af0af65e8ae97c3999b58cc94ea408bf",
                "shasum": ""
            },
            "require": {
                "php": "^5.5.9|>=7.0.8"
            },
            "conflict": {
                "symfony/console": "<3.4"
            },
            "require-dev": {
                "symfony/console": "~3.4|~4.0"
            },
            "suggest": {
                "symfony/console": "For validating YAML files using the lint command"
            },
            "type": "library",
            "extra": {
                "branch-alias": {
                    "dev-master": "3.4-dev"
                }
            },
            "autoload": {
                "psr-4": {
                    "Symfony\\Component\\Yaml\\": ""
                },
                "exclude-from-classmap": [
                    "/Tests/"
                ]
            },
            "notification-url": "https://packagist.org/downloads/",
            "license": [
                "MIT"
            ],
            "authors": [
                {
                    "name": "Fabien Potencier",
                    "email": "fabien@symfony.com"
                },
                {
                    "name": "Symfony Community",
                    "homepage": "https://symfony.com/contributors"
                }
            ],
            "description": "Symfony Yaml Component",
            "homepage": "https://symfony.com",
            "time": "2017-11-10 19:03:56"
        },
        {
            "name": "yaml/eyaml",
            "version": "v3",
            "source": {
                "type": "git",
                "url": "https://github.com/dermatthes/EYAML.git",
                "reference": "78c092adf8bd3b56ffd062ac910fd585387908c3"
            },
            "dist": {
                "type": "zip",
                "url": "https://api.github.com/repos/dermatthes/EYAML/zipball/78c092adf8bd3b56ffd062ac910fd585387908c3",
                "reference": "78c092adf8bd3b56ffd062ac910fd585387908c3",
                "shasum": ""
            },
            "require": {
                "php": ">=7.0",
                "symfony/yaml": "*"
            },
            "require-dev": {
                "nette/tester": "^1.7"
            },
            "type": "library",
            "autoload": {
                "psr-4": {
                    "EYAML\\": "src/"
                }
            },
            "notification-url": "https://packagist.org/downloads/",
            "license": [
                "Proprietary"
            ],
            "authors": [
                {
                    "name": "Matthias Leuffen",
                    "email": "matthes@leuffen.de"
                }
            ],
            "description": "Yaml with expressions parser (callbacks)",
            "homepage": "http://github.com/dermatthes/EYAML",
            "keywords": [
                "framework",
                "php",
                "yaml"
            ],
            "time": "2017-11-22 19:56:12"
        }
    ],
    "packages-dev": [
        {
            "name": "nette/tester",
            "version": "dev-master",
            "source": {
                "type": "git",
                "url": "https://github.com/nette/tester.git",
                "reference": "8cf24cf8c07defa85de7e2543c92db7bd3ded5a0"
            },
            "dist": {
                "type": "zip",
                "url": "https://api.github.com/repos/nette/tester/zipball/8cf24cf8c07defa85de7e2543c92db7bd3ded5a0",
                "reference": "8cf24cf8c07defa85de7e2543c92db7bd3ded5a0",
                "shasum": ""
            },
            "require": {
                "php": ">=5.6.0"
            },
            "bin": [
                "src/tester"
            ],
            "type": "library",
            "extra": {
                "branch-alias": {
                    "dev-master": "2.0-dev"
                }
            },
            "autoload": {
                "classmap": [
                    "src/"
                ]
            },
            "notification-url": "https://packagist.org/downloads/",
            "license": [
                "BSD-3-Clause",
                "GPL-2.0",
                "GPL-3.0"
            ],
            "authors": [
                {
                    "name": "David Grudl",
                    "homepage": "https://davidgrudl.com"
                },
                {
                    "name": "Nette Community",
                    "homepage": "https://nette.org/contributors"
                }
            ],
            "description": "Nette Tester: enjoyable unit testing in PHP with code coverage reporter. 🍏🍏🍎🍏",
            "homepage": "https://tester.nette.org",
            "keywords": [
                "Xdebug",
                "assertions",
                "clover",
                "code coverage",
                "nette",
                "phpdbg",
                "phpunit",
                "testing",
                "unit"
            ],
            "time": "2017-09-26 11:21:20"
        }
    ],
    "aliases": [],
    "minimum-stability": "dev",
    "stability-flags": [],
    "prefer-stable": false,
    "prefer-lowest": false,
    "platform": {
        "php": ">=7.0"
    },
    "platform-dev": []
}
